
Microsoft Visual Studio Solution File, Format Version 12.00
# Visual Studio 15
Project("{FAE04EC0-301F-11D3-BF4B-00C04F79EFBC}") = "Sudoku1", "Sudoku1\Sudoku1.csproj", "{AB2AB946-0414-4F35-8B0C-DC3991985651}"
EndProject
Project("{FAE04EC0-301F-11D3-BF4B-00C04F79EFBC}") = "Sudoku.Game", "Sudoky.Game\Sudoku.Game.csproj", "{357797C9-24D7-4CD3-9BD4-7C49A2FD1225}"
EndProject
Project("{FAE04EC0-301F-11D3-BF4B-00C04F79EFBC}") = "testSuite", "testSuite\testSuite.csproj", "{802D1853-0FC9-41C4-88AF-82D6F08AC97D}"
EndProject
Project("{FAE04EC0-301F-11D3-BF4B-00C04F79EFBC}") = "SudokuAPI", "SudokuAPI\SudokuAPI.csproj", "{3FBB84B4-00DF-4419-9AC0-0ADB021D07CC}"
EndProject
Global
	GlobalSection(SolutionConfigurationPlatforms) = preSolution
		Debug|Any CPU = Debug|Any CPU
		Release|Any CPU = Release|Any CPU
	EndGlobalSection
	GlobalSection(ProjectConfigurationPlatforms) = postSolution
		{AB2AB946-0414-4F35-8B0C-DC3991985651}.Debug|Any CPU.ActiveCfg = Debug|Any CPU
		{AB2AB946-0414-4F35-8B0C-DC3991985651}.Debug|Any CPU.Build.0 = Debug|Any CPU
		{AB2AB946-0414-4F35-8B0C-DC3991985651}.Release|Any CPU.ActiveCfg = Release|Any CPU
		{AB2AB946-0414-4F35-8B0C-DC3991985651}.Release|Any CPU.Build.0 = Release|Any CPU
		{357797C9-24D7-4CD3-9BD4-7C49A2FD1225}.Debug|Any CPU.ActiveCfg = Debug|Any CPU
		{357797C9-24D7-4CD3-9BD4-7C49A2FD1225}.Debug|Any CPU.Build.0 = Debug|Any CPU
		{357797C9-24D7-4CD3-9BD4-7C49A2FD1225}.Release|Any CPU.ActiveCfg = Release|Any CPU
		{357797C9-24D7-4CD3-9BD4-7C49A2FD1225}.Release|Any CPU.Build.0 = Release|Any CPU
		{802D1853-0FC9-41C4-88AF-82D6F08AC97D}.Debug|Any CPU.ActiveCfg = Debug|Any CPU
		{802D1853-0FC9-41C4-88AF-82D6F08AC97D}.Debug|Any CPU.Build.0 = Debug|Any CPU
		{802D1853-0FC9-41C4-88AF-82D6F08AC97D}.Release|Any CPU.ActiveCfg = Release|Any CPU
		{802D1853-0FC9-41C4-88AF-82D6F08AC97D}.Release|Any CPU.Build.0 = Release|Any CPU
		{3FBB84B4-00DF-4419-9AC0-0ADB021D07CC}.Debug|Any CPU.ActiveCfg = Debug|Any CPU
		{3FBB84B4-00DF-4419-9AC0-0ADB021D07CC}.Debug|Any CPU.Build.0 = Debug|Any CPU
		{3FBB84B4-00DF-4419-9AC0-0ADB021D07CC}.Release|Any CPU.ActiveCfg = Release|Any CPU
		{3FBB84B4-00DF-4419-9AC0-0ADB021D07CC}.Release|Any CPU.Build.0 = Release|Any CPU
	EndGlobalSection
EndGlobal
